// !$*UTF8*$!
{
	archiveVersion = 1;
	classes = {
	};
	objectVersion = 77;
	objects = {

/* Begin PBXContainerItemProxy section */
		B298C33F2E6D5A330055454D /* PBXContainerItemProxy */ = {
			isa = PBXContainerItemProxy;
			containerPortal = B298C3202E6D5A2C0055454D /* Project object */;
			proxyType = 1;
			remoteGlobalIDString = B298C3272E6D5A2D0055454D;
			remoteInfo = "weather app uikit";
		};
		B298C3492E6D5A330055454D /* PBXContainerItemProxy */ = {
			isa = PBXContainerItemProxy;
			containerPortal = B298C3202E6D5A2C0055454D /* Project object */;
			proxyType = 1;
			remoteGlobalIDString = B298C3272E6D5A2D0055454D;
			remoteInfo = "weather app uikit";
		};
/* End PBXContainerItemProxy section */

/* Begin PBXFileReference section */
		B298C3282E6D5A2D0055454D /* weather app uikit.app */ = {isa = PBXFileReference; explicitFileType = wrapper.application; includeInIndex = 0; path = "weather app uikit.app"; sourceTree = BUILT_PRODUCTS_DIR; };
		B298C33E2E6D5A330055454D /* weather app uikitTests.xctest */ = {isa = PBXFileReference; explicitFileType = wrapper.cfbundle; includeInIndex = 0; path = "weather app uikitTests.xctest"; sourceTree = BUILT_PRODUCTS_DIR; };
		B298C3482E6D5A330055454D /* weather app uikitUITests.xctest */ = {isa = PBXFileReference; explicitFileType = wrapper.cfbundle; includeInIndex = 0; path = "weather app uikitUITests.xctest"; sourceTree = BUILT_PRODUCTS_DIR; };
/* End PBXFileReference section */

/* Begin PBXFileSystemSynchronizedBuildFileExceptionSet section */
		B298C3502E6D5A330055454D /* Exceptions for "weather app uikit" folder in "weather app uikit" target */ = {
			isa = PBXFileSystemSynchronizedBuildFileExceptionSet;
			membershipExceptions = (
				Info.plist,
			);
			target = B298C3272E6D5A2D0055454D /* weather app uikit */;
		};
/* End PBXFileSystemSynchronizedBuildFileExceptionSet section */

/* Begin PBXFileSystemSynchronizedRootGroup section */
		B298C32A2E6D5A2D0055454D /* weather app uikit */ = {
			isa = PBXFileSystemSynchronizedRootGroup;
			exceptions = (
				B298C3502E6D5A330055454D /* Exceptions for "weather app uikit" folder in "weather app uikit" target */,
			);
			path = "weather app uikit";
			sourceTree = "<group>";
		};
		B298C3412E6D5A330055454D /* weather app uikitTests */ = {
			isa = PBXFileSystemSynchronizedRootGroup;
			path = "weather app uikitTests";
			sourceTree = "<group>";
		};
		B298C34B2E6D5A330055454D /* weather app uikitUITests */ = {
			isa = PBXFileSystemSynchronizedRootGroup;
			path = "weather app uikitUITests";
			sourceTree = "<group>";
		};
/* End PBXFileSystemSynchronizedRootGroup section */

/* Begin PBXFrameworksBuildPhase section */
		B298C3252E6D5A2D0055454D /* Frameworks */ = {
			isa = PBXFrameworksBuildPhase;
			buildActionMask = 2147483647;
			files = (
			);
			runOnlyForDeploymentPostprocessing = 0;
		};
		B298C33B2E6D5A330055454D /* Frameworks */ = {
			isa = PBXFrameworksBuildPhase;
			buildActionMask = 2147483647;
			files = (
			);
			runOnlyForDeploymentPostprocessing = 0;
		};
		B298C3452E6D5A330055454D /* Frameworks */ = {
			isa = PBXFrameworksBuildPhase;
			buildActionMask = 2147483647;
			files = (
			);
			runOnlyForDeploymentPostprocessing = 0;
		};
/* End PBXFrameworksBuildPhase section */

/* Begin PBXGroup section */
		B298C31F2E6D5A2C0055454D = {
			isa = PBXGroup;
			children = (
				B298C32A2E6D5A2D0055454D /* weather app uikit */,
				B298C3412E6D5A330055454D /* weather app uikitTests */,
				B298C34B2E6D5A330055454D /* weather app uikitUITests */,
				B298C3292E6D5A2D0055454D /* Products */,
			);
			sourceTree = "<group>";
		};
		B298C3292E6D5A2D0055454D /* Products */ = {
			isa = PBXGroup;
			children = (
				B298C3282E6D5A2D0055454D /* weather app uikit.app */,
				B298C33E2E6D5A330055454D /* weather app uikitTests.xctest */,
				B298C3482E6D5A330055454D /* weather app uikitUITests.xctest */,
			);
			name = Products;
			sourceTree = "<group>";
		};
/* End PBXGroup section */

/* Begin PBXNativeTarget section */
		B298C3272E6D5A2D0055454D /* weather app uikit */ = {
			isa = PBXNativeTarget;
			buildConfigurationList = B298C3512E6D5A330055454D /* Build configuration list for PBXNativeTarget "weather app uikit" */;
			buildPhases = (
				B298C3242E6D5A2D0055454D /* Sources */,
				B298C3252E6D5A2D0055454D /* Frameworks */,
				B298C3262E6D5A2D0055454D /* Resources */,
			);
			buildRules = (
			);
			dependencies = (
			);
			fileSystemSynchronizedGroups = (
				B298C32A2E6D5A2D0055454D /* weather app uikit */,
			);
			name = "weather app uikit";
			packageProductDependencies = (
			);
			productName = "weather app uikit";
			productReference = B298C3282E6D5A2D0055454D /* weather app uikit.app */;
			productType = "com.apple.product-type.application";
		};
		B298C33D2E6D5A330055454D /* weather app uikitTests */ = {
			isa = PBXNativeTarget;
			buildConfigurationList = B298C3562E6D5A330055454D /* Build configuration list for PBXNativeTarget "weather app uikitTests" */;
			buildPhases = (
				B298C33A2E6D5A330055454D /* Sources */,
				B298C33B2E6D5A330055454D /* Frameworks */,
				B298C33C2E6D5A330055454D /* Resources */,
			);
			buildRules = (
			);
			dependencies = (
				B298C3402E6D5A330055454D /* PBXTargetDependency */,
			);
			fileSystemSynchronizedGroups = (
				B298C3412E6D5A330055454D /* weather app uikitTests */,
			);
			name = "weather app uikitTests";
			packageProductDependencies = (
			);
			productName = "weather app uikitTests";
			productReference = B298C33E2E6D5A330055454D /* weather app uikitTests.xctest */;
			productType = "com.apple.product-type.bundle.unit-test";
		};
		B298C3472E6D5A330055454D /* weather app uikitUITests */ = {
			isa = PBXNativeTarget;
			buildConfigurationList = B298C3592E6D5A330055454D /* Build configuration list for PBXNativeTarget "weather app uikitUITests" */;
			buildPhases = (
				B298C3442E6D5A330055454D /* Sources */,
				B298C3452E6D5A330055454D /* Frameworks */,
				B298C3462E6D5A330055454D /* Resources */,
			);
			buildRules = (
			);
			dependencies = (
				B298C34A2E6D5A330055454D /* PBXTargetDependency */,
			);
			fileSystemSynchronizedGroups = (
				B298C34B2E6D5A330055454D /* weather app uikitUITests */,
			);
			name = "weather app uikitUITests";
			packageProductDependencies = (
			);
			productName = "weather app uikitUITests";
			productReference = B298C3482E6D5A330055454D /* weather app uikitUITests.xctest */;
			productType = "com.apple.product-type.bundle.ui-testing";
		};
/* End PBXNativeTarget section */

/* Begin PBXProject section */
		B298C3202E6D5A2C0055454D /* Project object */ = {
			isa = PBXProject;
			attributes = {
				BuildIndependentTargetsInParallel = 1;
				LastSwiftUpdateCheck = 1640;
				LastUpgradeCheck = 1640;
				TargetAttributes = {
					B298C3272E6D5A2D0055454D = {
						CreatedOnToolsVersion = 16.4;
					};
					B298C33D2E6D5A330055454D = {
						CreatedOnToolsVersion = 16.4;
						TestTargetID = B298C3272E6D5A2D0055454D;
					};
					B298C3472E6D5A330055454D = {
						CreatedOnToolsVersion = 16.4;
						TestTargetID = B298C3272E6D5A2D0055454D;
					};
				};
			};
			buildConfigurationList = B298C3232E6D5A2D0055454D /* Build configuration list for PBXProject "weather app uikit" */;
			developmentRegion = en;
			hasScannedForEncodings = 0;
			knownRegions = (
				en,
				Base,
			);
			mainGroup = B298C31F2E6D5A2C0055454D;
			minimizedProjectReferenceProxies = 1;
			preferredProjectObjectVersion = 77;
			productRefGroup = B298C3292E6D5A2D0055454D /* Products */;
			projectDirPath = "";
			projectRoot = "";
			targets = (
				B298C3272E6D5A2D0055454D /* weather app uikit */,
				B298C33D2E6D5A330055454D /* weather app uikitTests */,
				B298C3472E6D5A330055454D /* weather app uikitUITests */,
			);
		};
/* End PBXProject section */

/* Begin PBXResourcesBuildPhase section */
		B298C3262E6D5A2D0055454D /* Resources */ = {
			isa = PBXResourcesBuildPhase;
			buildActionMask = 2147483647;
			files = (
			);
			runOnlyForDeploymentPostprocessing = 0;
		};
		B298C33C2E6D5A330055454D /* Resources */ = {
			isa = PBXResourcesBuildPhase;
			buildActionMask = 2147483647;
			files = (
			);
			runOnlyForDeploymentPostprocessing = 0;
		};
		B298C3462E6D5A330055454D /* Resources */ = {
			isa = PBXResourcesBuildPhase;
			buildActionMask = 2147483647;
			files = (
			);
			runOnlyForDeploymentPostprocessing = 0;
		};
/* End PBXResourcesBuildPhase section */

/* Begin PBXSourcesBuildPhase section */
		B298C3242E6D5A2D0055454D /* Sources */ = {
			isa = PBXSourcesBuildPhase;
			buildActionMask = 2147483647;
			files = (
			);
			runOnlyForDeploymentPostprocessing = 0;
		};
		B298C33A2E6D5A330055454D /* Sources */ = {
			isa = PBXSourcesBuildPhase;
			buildActionMask = 2147483647;
			files = (
			);
			runOnlyForDeploymentPostprocessing = 0;
		};
		B298C3442E6D5A330055454D /* Sources */ = {
			isa = PBXSourcesBuildPhase;
			buildActionMask = 2147483647;
			files = (
			);
			runOnlyForDeploymentPostprocessing = 0;
		};
/* End PBXSourcesBuildPhase section */

/* Begin PBXTargetDependency section */
		B298C3402E6D5A330055454D /* PBXTargetDependency */ = {
			isa = PBXTargetDependency;
			target = B298C3272E6D5A2D0055454D /* weather app uikit */;
			targetProxy = B298C33F2E6D5A330055454D /* PBXContainerItemProxy */;
		};
		B298C34A2E6D5A330055454D /* PBXTargetDependency */ = {
			isa = PBXTargetDependency;
			target = B298C3272E6D5A2D0055454D /* weather app uikit */;
			targetProxy = B298C3492E6D5A330055454D /* PBXContainerItemProxy */;
		};
/* End PBXTargetDependency section */

/* Begin XCBuildConfiguration section */
		B298C3522E6D5A330055454D /* Debug */ = {
			isa = XCBuildConfiguration;
			buildSettings = {
				ASSETCATALOG_COMPILER_APPICON_NAME = AppIcon;
				ASSETCATALOG_COMPILER_GLOBAL_ACCENT_COLOR_NAME = AccentColor;
				CODE_SIGN_STYLE = Automatic;
				CURRENT_PROJECT_VERSION = 1;
				GENERATE_INFOPLIST_FILE = YES;
				INFOPLIST_FILE = "weather app uikit/Info.plist";
				INFOPLIST_KEY_UIApplicationSupportsIndirectInputEvents = YES;
				INFOPLIST_KEY_UILaunchStoryboardName = LaunchScreen;
				INFOPLIST_KEY_UIMainStoryboardFile = Main;
				INFOPLIST_KEY_UISupportedInterfaceOrientations_iPad = "UIInterfaceOrientationPortrait UIInterfaceOrientationPortraitUpsideDown UIInterfaceOrientationLandscapeLeft UIInterfaceOrientationLandscapeRight";
				INFOPLIST_KEY_UISupportedInterfaceOrientations_iPhone = "UIInterfaceOrientationPortrait UIInterfaceOrientationLandscapeLeft UIInterfaceOrientationLandscapeRight";
				LD_RUNPATH_SEARCH_PATHS = (
					"$(inherited)",
					"@executable_path/Frameworks",
				);
				MARKETING_VERSION = 1.0;
				PRODUCT_BUNDLE_IDENTIFIER = "com.nam.weather-app-uikit";
				PRODUCT_NAME = "$(TARGET_NAME)";
				SWIFT_EMIT_LOC_STRINGS = YES;
				SWIFT_VERSION = 5.0;
				TARGETED_DEVICE_FAMILY = "1,2";
			};
			name = Debug;
		};
		B298C3532E6D5A330055454D /* Release */ = {
			isa = XCBuildConfiguration;
			buildSettings = {
				ASSETCATALOG_COMPILER_APPICON_NAME = AppIcon;
				ASSETCATALOG_COMPILER_GLOBAL_ACCENT_COLOR_NAME = AccentColor;
				CODE_SIGN_STYLE = Automatic;
				CURRENT_PROJECT_VERSION = 1;
				GENERATE_INFOPLIST_FILE = YES;
				INFOPLIST_FILE = "weather app uikit/Info.plist";
				INFOPLIST_KEY_UIApplicationSupportsIndirectInputEvents = YES;
				INFOPLIST_KEY_UILaunchStoryboardName = LaunchScreen;
				INFOPLIST_KEY_UIMainStoryboardFile = Main;
				INFOPLIST_KEY_UISupportedInterfaceOrientations_iPad = "UIInterfaceOrientationPortrait UIInterfaceOrientationPortraitUpsideDown UIInterfaceOrientationLandscapeLeft UIInterfaceOrientationLandscapeRight";
				INFOPLIST_KEY_UISupportedInterfaceOrientations_iPhone = "UIInterfaceOrientationPortrait UIInterfaceOrientationLandscapeLeft UIInterfaceOrientationLandscapeRight";
				LD_RUNPATH_SEARCH_PATHS = (
					"$(inherited)",
					"@executable_path/Frameworks",
				);
				MARKETING_VERSION = 1.0;
				PRODUCT_BUNDLE_IDENTIFIER = "com.nam.weather-app-uikit";
				PRODUCT_NAME = "$(TARGET_NAME)";
				SWIFT_EMIT_LOC_STRINGS = YES;
				SWIFT_VERSION = 5.0;
				TARGETED_DEVICE_FAMILY = "1,2";
			};
			name = Release;
		};
		B298C3542E6D5A330055454D /* Debug */ = {
			isa = XCBuildConfiguration;
			buildSettings = {
				ALWAYS_SEARCH_USER_PATHS = NO;
				ASSETCATALOG_COMPILER_GENERATE_SWIFT_ASSET_SYMBOL_EXTENSIONS = YES;
				CLANG_ANALYZER_NONNULL = YES;
				CLANG_ANALYZER_NUMBER_OBJECT_CONVERSION = YES_AGGRESSIVE;
				CLANG_CXX_LANGUAGE_STANDARD = "gnu++20";
				CLANG_ENABLE_MODULES = YES;
				CLANG_ENABLE_OBJC_ARC = YES;
				CLANG_ENABLE_OBJC_WEAK = YES;
				CLANG_WARN_BLOCK_CAPTURE_AUTORELEASING = YES;
				CLANG_WARN_BOOL_CONVERSION = YES;
				CLANG_WARN_COMMA = YES;
				CLANG_WARN_CONSTANT_CONVERSION = YES;
				CLANG_WARN_DEPRECATED_OBJC_IMPLEMENTATIONS = YES;
				CLANG_WARN_DIRECT_OBJC_ISA_USAGE = YES_ERROR;
				CLANG_WARN_DOCUMENTATION_COMMENTS = YES;
				CLANG_WARN_EMPTY_BODY = YES;
				CLANG_WARN_ENUM_CONVERSION = YES;
				CLANG_WARN_INFINITE_RECURSION = YES;
				CLANG_WARN_INT_CONVERSION = YES;
				CLANG_WARN_NON_LITERAL_NULL_CONVERSION = YES;
				CLANG_WARN_OBJC_IMPLICIT_RETAIN_SELF = YES;
				CLANG_WARN_OBJC_LITERAL_CONVERSION = YES;
				CLANG_WARN_OBJC_ROOT_CLASS = YES_ERROR;
				CLANG_WARN_QUOTED_INCLUDE_IN_FRAMEWORK_HEADER = YES;
				CLANG_WARN_RANGE_LOOP_ANALYSIS = YES;
				CLANG_WARN_STRICT_PROTOTYPES = YES;
				CLANG_WARN_SUSPICIOUS_MOVE = YES;
				CLANG_WARN_UNGUARDED_AVAILABILITY = YES_AGGRESSIVE;
				CLANG_WARN_UNREACHABLE_CODE = YES;
				CLANG_WARN__DUPLICATE_METHOD_MATCH = YES;
				COPY_PHASE_STRIP = NO;
				DEBUG_INFORMATION_FORMAT = dwarf;
				ENABLE_STRICT_OBJC_MSGSEND = YES;
				ENABLE_TESTABILITY = YES;
				ENABLE_USER_SCRIPT_SANDBOXING = YES;
				GCC_C_LANGUAGE_STANDARD = gnu17;
				GCC_DYNAMIC_NO_PIC = NO;
				GCC_NO_COMMON_BLOCKS = YES;
				GCC_OPTIMIZATION_LEVEL = 0;
				GCC_PREPROCESSOR_DEFINITIONS = (
					"DEBUG=1",
					"$(inherited)",
				);
				GCC_WARN_64_TO_32_BIT_CONVERSION = YES;
				GCC_WARN_ABOUT_RETURN_TYPE = YES_ERROR;
				GCC_WARN_UNDECLARED_SELECTOR = YES;
				GCC_WARN_UNINITIALIZED_AUTOS = YES_AGGRESSIVE;
				GCC_WARN_UNUSED_FUNCTION = YES;
				GCC_WARN_UNUSED_VARIABLE = YES;
				IPHONEOS_DEPLOYMENT_TARGET = 18.5;
				LOCALIZATION_PREFERS_STRING_CATALOGS = YES;
				MTL_ENABLE_DEBUG_INFO = INCLUDE_SOURCE;
				MTL_FAST_MATH = YES;
				ONLY_ACTIVE_ARCH = YES;
				SDKROOT = iphoneos;
				SWIFT_ACTIVE_COMPILATION_CONDITIONS = "DEBUG $(inherited)";
				SWIFT_OPTIMIZATION_LEVEL = "-Onone";
			};
			name = Debug;
		};
		B298C3552E6D5A330055454D /* Release */ = {
			isa = XCBuildConfiguration;
			buildSettings = {
				ALWAYS_SEARCH_USER_PATHS = NO;
				ASSETCATALOG_COMPILER_GENERATE_SWIFT_ASSET_SYMBOL_EXTENSIONS = YES;
				CLANG_ANALYZER_NONNULL = YES;
				CLANG_ANALYZER_NUMBER_OBJECT_CONVERSION = YES_AGGRESSIVE;
				CLANG_CXX_LANGUAGE_STANDARD = "gnu++20";
				CLANG_ENABLE_MODULES = YES;
				CLANG_ENABLE_OBJC_ARC = YES;
				CLANG_ENABLE_OBJC_WEAK = YES;
				CLANG_WARN_BLOCK_CAPTURE_AUTORELEASING = YES;
				CLANG_WARN_BOOL_CONVERSION = YES;
				CLANG_WARN_COMMA = YES;
				CLANG_WARN_CONSTANT_CONVERSION = YES;
				CLANG_WARN_DEPRECATED_OBJC_IMPLEMENTATIONS = YES;
				CLANG_WARN_DIRECT_OBJC_ISA_USAGE = YES_ERROR;
				CLANG_WARN_DOCUMENTATION_COMMENTS = YES;
				CLANG_WARN_EMPTY_BODY = YES;
				CLANG_WARN_ENUM_CONVERSION = YES;
				CLANG_WARN_INFINITE_RECURSION = YES;
				CLANG_WARN_INT_CONVERSION = YES;
				CLANG_WARN_NON_LITERAL_NULL_CONVERSION = YES;
				CLANG_WARN_OBJC_IMPLICIT_RETAIN_SELF = YES;
				CLANG_WARN_OBJC_LITERAL_CONVERSION = YES;
				CLANG_WARN_OBJC_ROOT_CLASS = YES_ERROR;
				CLANG_WARN_QUOTED_INCLUDE_IN_FRAMEWORK_HEADER = YES;
				CLANG_WARN_RANGE_LOOP_ANALYSIS = YES;
				CLANG_WARN_STRICT_PROTOTYPES = YES;
				CLANG_WARN_SUSPICIOUS_MOVE = YES;
				CLANG_WARN_UNGUARDED_AVAILABILITY = YES_AGGRESSIVE;
				CLANG_WARN_UNREACHABLE_CODE = YES;
				CLANG_WARN__DUPLICATE_METHOD_MATCH = YES;
				COPY_PHASE_STRIP = NO;
				DEBUG_INFORMATION_FORMAT = "dwarf-with-dsym";
				ENABLE_NS_ASSERTIONS = NO;
				ENABLE_STRICT_OBJC_MSGSEND = YES;
				ENABLE_USER_SCRIPT_SANDBOXING = YES;
				GCC_C_LANGUAGE_STANDARD = gnu17;
				GCC_NO_COMMON_BLOCKS = YES;
				GCC_WARN_64_TO_32_BIT_CONVERSION = YES;
				GCC_WARN_ABOUT_RETURN_TYPE = YES_ERROR;
				GCC_WARN_UNDECLARED_SELECTOR = YES;
				GCC_WARN_UNINITIALIZED_AUTOS = YES_AGGRESSIVE;
				GCC_WARN_UNUSED_FUNCTION = YES;
				GCC_WARN_UNUSED_VARIABLE = YES;
				IPHONEOS_DEPLOYMENT_TARGET = 18.5;
				LOCALIZATION_PREFERS_STRING_CATALOGS = YES;
				MTL_ENABLE_DEBUG_INFO = NO;
				MTL_FAST_MATH = YES;
				SDKROOT = iphoneos;
				SWIFT_COMPILATION_MODE = wholemodule;
				VALIDATE_PRODUCT = YES;
			};
			name = Release;
		};
		B298C3572E6D5A330055454D /* Debug */ = {
			isa = XCBuildConfiguration;
			buildSettings = {
				BUNDLE_LOADER = "$(TEST_HOST)";
				CODE_SIGN_STYLE = Automatic;
				CURRENT_PROJECT_VERSION = 1;
				GENERATE_INFOPLIST_FILE = YES;
				IPHONEOS_DEPLOYMENT_TARGET = 18.5;
				MARKETING_VERSION = 1.0;
				PRODUCT_BUNDLE_IDENTIFIER = "com.nam.weather-app-uikitTests";
				PRODUCT_NAME = "$(TARGET_NAME)";
				SWIFT_EMIT_LOC_STRINGS = NO;
				SWIFT_VERSION = 5.0;
				TARGETED_DEVICE_FAMILY = "1,2";
				TEST_HOST = "$(BUILT_PRODUCTS_DIR)/weather app uikit.app/$(BUNDLE_EXECUTABLE_FOLDER_PATH)/weather app uikit";
			};
			name = Debug;
		};
		B298C3582E6D5A330055454D /* Release */ = {
			isa = XCBuildConfiguration;
			buildSettings = {
				BUNDLE_LOADER = "$(TEST_HOST)";
				CODE_SIGN_STYLE = Automatic;
				CURRENT_PROJECT_VERSION = 1;
				GENERATE_INFOPLIST_FILE = YES;
				IPHONEOS_DEPLOYMENT_TARGET = 18.5;
				MARKETING_VERSION = 1.0;
				PRODUCT_BUNDLE_IDENTIFIER = "com.nam.weather-app-uikitTests";
				PRODUCT_NAME = "$(TARGET_NAME)";
				SWIFT_EMIT_LOC_STRINGS = NO;
				SWIFT_VERSION = 5.0;
				TARGETED_DEVICE_FAMILY = "1,2";
				TEST_HOST = "$(BUILT_PRODUCTS_DIR)/weather app uikit.app/$(BUNDLE_EXECUTABLE_FOLDER_PATH)/weather app uikit";
			};
			name = Release;
		};
		B298C35A2E6D5A330055454D /* Debug */ = {
			isa = XCBuildConfiguration;
			buildSettings = {
				CODE_SIGN_STYLE = Automatic;
				CURRENT_PROJECT_VERSION = 1;
				GENERATE_INFOPLIST_FILE = YES;
				MARKETING_VERSION = 1.0;
				PRODUCT_BUNDLE_IDENTIFIER = "com.nam.weather-app-uikitUITests";
				PRODUCT_NAME = "$(TARGET_NAME)";
				SWIFT_EMIT_LOC_STRINGS = NO;
				SWIFT_VERSION = 5.0;
				TARGETED_DEVICE_FAMILY = "1,2";
				TEST_TARGET_NAME = "weather app uikit";
			};
			name = Debug;
		};
		B298C35B2E6D5A330055454D /* Release */ = {
			isa = XCBuildConfiguration;
			buildSettings = {
				CODE_SIGN_STYLE = Automatic;
				CURRENT_PROJECT_VERSION = 1;
				GENERATE_INFOPLIST_FILE = YES;
				MARKETING_VERSION = 1.0;
				PRODUCT_BUNDLE_IDENTIFIER = "com.nam.weather-app-uikitUITests";
				PRODUCT_NAME = "$(TARGET_NAME)";
				SWIFT_EMIT_LOC_STRINGS = NO;
				SWIFT_VERSION = 5.0;
				TARGETED_DEVICE_FAMILY = "1,2";
				TEST_TARGET_NAME = "weather app uikit";
			};
			name = Release;
		};
/* End XCBuildConfiguration section */

/* Begin XCConfigurationList section */
		B298C3232E6D5A2D0055454D /* Build configuration list for PBXProject "weather app uikit" */ = {
			isa = XCConfigurationList;
			buildConfigurations = (
				B298C3542E6D5A330055454D /* Debug */,
				B298C3552E6D5A330055454D /* Release */,
			);
			defaultConfigurationIsVisible = 0;
			defaultConfigurationName = Release;
		};
		B298C3512E6D5A330055454D /* Build configuration list for PBXNativeTarget "weather app uikit" */ = {
			isa = XCConfigurationList;
			buildConfigurations = (
				B298C3522E6D5A330055454D /* Debug */,
				B298C3532E6D5A330055454D /* Release */,
			);
			defaultConfigurationIsVisible = 0;
			defaultConfigurationName = Release;
		};
		B298C3562E6D5A330055454D /* Build configuration list for PBXNativeTarget "weather app uikitTests" */ = {
			isa = XCConfigurationList;
			buildConfigurations = (
				B298C3572E6D5A330055454D /* Debug */,
				B298C3582E6D5A330055454D /* Release */,
			);
			defaultConfigurationIsVisible = 0;
			defaultConfigurationName = Release;
		};
		B298C3592E6D5A330055454D /* Build configuration list for PBXNativeTarget "weather app uikitUITests" */ = {
			isa = XCConfigurationList;
			buildConfigurations = (
				B298C35A2E6D5A330055454D /* Debug */,
				B298C35B2E6D5A330055454D /* Release */,
			);
			defaultConfigurationIsVisible = 0;
			defaultConfigurationName = Release;
		};
/* End XCConfigurationList section */
	};
	rootObject = B298C3202E6D5A2C0055454D /* Project object */;
}
